
Microsoft Visual Studio Solution File, Format Version 12.00
# Visual Studio Version 17
VisualStudioVersion = 17.10.34607.79
MinimumVisualStudioVersion = 10.0.40219.1
Project("{9A19103F-16F7-4668-BE54-9A1E7A4F7556}") = "PowerToysRunPluginGet", "PowerToysRunPluginGet\PowerToysRunPluginGet.csproj", "{B29530FF-3FD3-4F4F-A9DF-0085265AFC51}"
EndProject
Project("{FAE04EC0-301F-11D3-BF4B-00C04F79EFBC}") = "PowerToysRunPluginGet.Tests", "PowerToysRunPluginGet.Tests\PowerToysRunPluginGet.Tests.csproj", "{F9C49F04-0C69-400B-B604-32E4485C2372}"
EndProject
Project("{FAE04EC0-301F-11D3-BF4B-00C04F79EFBC}") = "PowerToysRunPluginGet.Manager", "PowerToysRunPluginGet.Manager\PowerToysRunPluginGet.Manager.csproj", "{14E71690-F6FD-4468-9894-6CA3283DAD44}"
EndProject
Global
	GlobalSection(SolutionConfigurationPlatforms) = preSolution
		Debug|Any CPU = Debug|Any CPU
		Release|Any CPU = Release|Any CPU
	EndGlobalSection
	GlobalSection(ProjectConfigurationPlatforms) = postSolution
		{B29530FF-3FD3-4F4F-A9DF-0085265AFC51}.Debug|Any CPU.ActiveCfg = Debug|Any CPU
		{B29530FF-3FD3-4F4F-A9DF-0085265AFC51}.Debug|Any CPU.Build.0 = Debug|Any CPU
		{B29530FF-3FD3-4F4F-A9DF-0085265AFC51}.Release|Any CPU.ActiveCfg = Release|Any CPU
		{B29530FF-3FD3-4F4F-A9DF-0085265AFC51}.Release|Any CPU.Build.0 = Release|Any CPU
		{F9C49F04-0C69-400B-B604-32E4485C2372}.Debug|Any CPU.ActiveCfg = Debug|Any CPU
		{F9C49F04-0C69-400B-B604-32E4485C2372}.Debug|Any CPU.Build.0 = Debug|Any CPU
		{F9C49F04-0C69-400B-B604-32E4485C2372}.Release|Any CPU.ActiveCfg = Release|Any CPU
		{F9C49F04-0C69-400B-B604-32E4485C2372}.Release|Any CPU.Build.0 = Release|Any CPU
		{14E71690-F6FD-4468-9894-6CA3283DAD44}.Debug|Any CPU.ActiveCfg = Debug|Any CPU
		{14E71690-F6FD-4468-9894-6CA3283DAD44}.Debug|Any CPU.Build.0 = Debug|Any CPU
		{14E71690-F6FD-4468-9894-6CA3283DAD44}.Release|Any CPU.ActiveCfg = Release|Any CPU
		{14E71690-F6FD-4468-9894-6CA3283DAD44}.Release|Any CPU.Build.0 = Release|Any CPU
	EndGlobalSection
	GlobalSection(SolutionProperties) = preSolution
		HideSolutionNode = FALSE
	EndGlobalSection
	GlobalSection(ExtensibilityGlobals) = postSolution
		SolutionGuid = {DF1F8FDD-4ECD-41EA-B2AB-CAACACFE51EE}
	EndGlobalSection
EndGlobal
